
Microsoft Visual Studio Solution File, Format Version 12.00
# Visual Studio 2012
Project("{FAE04EC0-301F-11D3-BF4B-00C04F79EFBC}") = "SimpelArv", "SimpelArv\SimpelArv.csproj", "{3449F3F6-7FCC-445A-ACC7-986A1E36B907}"
EndProject
Global
	GlobalSection(SolutionConfigurationPlatforms) = preSolution
		Debug|x86 = Debug|x86
		Release|x86 = Release|x86
	EndGlobalSection
	GlobalSection(ProjectConfigurationPlatforms) = postSolution
		{3449F3F6-7FCC-445A-ACC7-986A1E36B907}.Debug|x86.ActiveCfg = Debug|x86
		{3449F3F6-7FCC-445A-ACC7-986A1E36B907}.Debug|x86.Build.0 = Debug|x86
		{3449F3F6-7FCC-445A-ACC7-986A1E36B907}.Release|x86.ActiveCfg = Release|x86
		{3449F3F6-7FCC-445A-ACC7-986A1E36B907}.Release|x86.Build.0 = Release|x86
	EndGlobalSection
EndGlobal
