
Microsoft Visual Studio Solution File, Format Version 12.00
# Visual Studio 2012
Project("{FAE04EC0-301F-11D3-BF4B-00C04F79EFBC}") = "terning", "terning\terning.csproj", "{C004214B-8598-476A-B68F-7BA6D7957DC7}"
EndProject
Global
	GlobalSection(SolutionConfigurationPlatforms) = preSolution
		Debug|x86 = Debug|x86
		Release|x86 = Release|x86
	EndGlobalSection
	GlobalSection(ProjectConfigurationPlatforms) = postSolution
		{C004214B-8598-476A-B68F-7BA6D7957DC7}.Debug|x86.ActiveCfg = Debug|x86
		{C004214B-8598-476A-B68F-7BA6D7957DC7}.Debug|x86.Build.0 = Debug|x86
		{C004214B-8598-476A-B68F-7BA6D7957DC7}.Release|x86.ActiveCfg = Release|x86
		{C004214B-8598-476A-B68F-7BA6D7957DC7}.Release|x86.Build.0 = Release|x86
	EndGlobalSection
EndGlobal
