
Microsoft Visual Studio Solution File, Format Version 12.00
# Visual Studio 2012
Project("{FAE04EC0-301F-11D3-BF4B-00C04F79EFBC}") = "struc_bog_opgave", "struc_bog_opgave\struc_bog_opgave.csproj", "{364922C2-54C5-4FF0-9D35-E71803276253}"
EndProject
Global
	GlobalSection(SolutionConfigurationPlatforms) = preSolution
		Debug|x86 = Debug|x86
		Release|x86 = Release|x86
	EndGlobalSection
	GlobalSection(ProjectConfigurationPlatforms) = postSolution
		{364922C2-54C5-4FF0-9D35-E71803276253}.Debug|x86.ActiveCfg = Debug|x86
		{364922C2-54C5-4FF0-9D35-E71803276253}.Debug|x86.Build.0 = Debug|x86
		{364922C2-54C5-4FF0-9D35-E71803276253}.Release|x86.ActiveCfg = Release|x86
		{364922C2-54C5-4FF0-9D35-E71803276253}.Release|x86.Build.0 = Release|x86
	EndGlobalSection
EndGlobal
