
Microsoft Visual Studio Solution File, Format Version 12.00
# Visual Studio 2012
Project("{FAE04EC0-301F-11D3-BF4B-00C04F79EFBC}") = "3_Versioner_Stort_Begyndelsesbogstav", "3_Versioner_Stort_Begyndelsesbogstav\3_Versioner_Stort_Begyndelsesbogstav.csproj", "{D1563181-DBF7-46C2-A2DD-FE51BBB09D0E}"
EndProject
Global
	GlobalSection(SolutionConfigurationPlatforms) = preSolution
		Debug|x86 = Debug|x86
		Release|x86 = Release|x86
	EndGlobalSection
	GlobalSection(ProjectConfigurationPlatforms) = postSolution
		{D1563181-DBF7-46C2-A2DD-FE51BBB09D0E}.Debug|x86.ActiveCfg = Debug|x86
		{D1563181-DBF7-46C2-A2DD-FE51BBB09D0E}.Debug|x86.Build.0 = Debug|x86
		{D1563181-DBF7-46C2-A2DD-FE51BBB09D0E}.Release|x86.ActiveCfg = Release|x86
		{D1563181-DBF7-46C2-A2DD-FE51BBB09D0E}.Release|x86.Build.0 = Release|x86
	EndGlobalSection
EndGlobal
